
Microsoft Visual Studio Solution File, Format Version 12.00
# Visual Studio Version 16
VisualStudioVersion = 16.0.30204.135
MinimumVisualStudioVersion = 10.0.40219.1
Project("{FAE04EC0-301F-11D3-BF4B-00C04F79EFBC}") = "Auta", "Auta\Auta.csproj", "{C87F3ACC-FEC2-42A4-894A-EB329E9C967E}"
EndProject
Global
	GlobalSection(SolutionConfigurationPlatforms) = preSolution
		Debug|Any CPU = Debug|Any CPU
		Release|Any CPU = Release|Any CPU
	EndGlobalSection
	GlobalSection(ProjectConfigurationPlatforms) = postSolution
		{C87F3ACC-FEC2-42A4-894A-EB329E9C967E}.Debug|Any CPU.ActiveCfg = Debug|Any CPU
		{C87F3ACC-FEC2-42A4-894A-EB329E9C967E}.Debug|Any CPU.Build.0 = Debug|Any CPU
		{C87F3ACC-FEC2-42A4-894A-EB329E9C967E}.Release|Any CPU.ActiveCfg = Release|Any CPU
		{C87F3ACC-FEC2-42A4-894A-EB329E9C967E}.Release|Any CPU.Build.0 = Release|Any CPU
	EndGlobalSection
	GlobalSection(SolutionProperties) = preSolution
		HideSolutionNode = FALSE
	EndGlobalSection
	GlobalSection(ExtensibilityGlobals) = postSolution
		SolutionGuid = {0FB0EF4C-5C75-4610-A38B-8B6A3DC49232}
	EndGlobalSection
EndGlobal
